
Microsoft Visual Studio Solution File, Format Version 12.00
# Visual Studio 2013
VisualStudioVersion = 12.0.31101.0
MinimumVisualStudioVersion = 10.0.40219.1
Project("{FAE04EC0-301F-11D3-BF4B-00C04F79EFBC}") = "Techtouch", "Techtouch\Techtouch.csproj", "{C9FF8860-0310-4A0A-A974-310BD8CA704A}"
EndProject
Project("{FAE04EC0-301F-11D3-BF4B-00C04F79EFBC}") = "Techtouch.Tests", "Techtouch.Tests\Techtouch.Tests.csproj", "{40F88F18-7713-4894-BEA8-4B3EA3E5F193}"
EndProject
Global
	GlobalSection(SolutionConfigurationPlatforms) = preSolution
		Debug|Any CPU = Debug|Any CPU
		Release|Any CPU = Release|Any CPU
	EndGlobalSection
	GlobalSection(ProjectConfigurationPlatforms) = postSolution
		{C9FF8860-0310-4A0A-A974-310BD8CA704A}.Debug|Any CPU.ActiveCfg = Debug|Any CPU
		{C9FF8860-0310-4A0A-A974-310BD8CA704A}.Debug|Any CPU.Build.0 = Debug|Any CPU
		{C9FF8860-0310-4A0A-A974-310BD8CA704A}.Release|Any CPU.ActiveCfg = Release|Any CPU
		{C9FF8860-0310-4A0A-A974-310BD8CA704A}.Release|Any CPU.Build.0 = Release|Any CPU
		{40F88F18-7713-4894-BEA8-4B3EA3E5F193}.Debug|Any CPU.ActiveCfg = Debug|Any CPU
		{40F88F18-7713-4894-BEA8-4B3EA3E5F193}.Debug|Any CPU.Build.0 = Debug|Any CPU
		{40F88F18-7713-4894-BEA8-4B3EA3E5F193}.Release|Any CPU.ActiveCfg = Release|Any CPU
		{40F88F18-7713-4894-BEA8-4B3EA3E5F193}.Release|Any CPU.Build.0 = Release|Any CPU
	EndGlobalSection
	GlobalSection(SolutionProperties) = preSolution
		HideSolutionNode = FALSE
	EndGlobalSection
EndGlobal
